
Microsoft Visual Studio Solution File, Format Version 12.00
# Visual Studio Version 17
VisualStudioVersion = 17.13.35806.99
MinimumVisualStudioVersion = 10.0.40219.1
Project("{FAE04EC0-301F-11D3-BF4B-00C04F79EFBC}") = "BlockchainExplorer", "BlockchainExplorer.csproj", "{96A0F0CE-0480-48CC-F789-090DE1C9B660}"
EndProject
Global
	GlobalSection(SolutionConfigurationPlatforms) = preSolution
		Debug|Any CPU = Debug|Any CPU
		Release|Any CPU = Release|Any CPU
	EndGlobalSection
	GlobalSection(ProjectConfigurationPlatforms) = postSolution
		{96A0F0CE-0480-48CC-F789-090DE1C9B660}.Debug|Any CPU.ActiveCfg = Debug|Any CPU
		{96A0F0CE-0480-48CC-F789-090DE1C9B660}.Debug|Any CPU.Build.0 = Debug|Any CPU
		{96A0F0CE-0480-48CC-F789-090DE1C9B660}.Release|Any CPU.ActiveCfg = Release|Any CPU
		{96A0F0CE-0480-48CC-F789-090DE1C9B660}.Release|Any CPU.Build.0 = Release|Any CPU
	EndGlobalSection
	GlobalSection(SolutionProperties) = preSolution
		HideSolutionNode = FALSE
	EndGlobalSection
	GlobalSection(ExtensibilityGlobals) = postSolution
		SolutionGuid = {34417BAE-C136-4717-9E5C-2685F29A3C6B}
	EndGlobalSection
EndGlobal
